// !$*UTF8*$!
{
	archiveVersion = 1;
	classes = {
	};
	objectVersion = 51;
	objects = {

/* Begin PBXBuildFile section */
		E0624FA74D1EA1752C1419DC /* Pods_kiwari_ios_test.framework in Frameworks */ = {isa = PBXBuildFile; fileRef = FF03EFCB68BB852344C15B6E /* Pods_kiwari_ios_test.framework */; };
		EC41FFE6244E1C6C00A16F8C /* GoogleService-Info.plist in Resources */ = {isa = PBXBuildFile; fileRef = EC41FFE5244E1C6C00A16F8C /* GoogleService-Info.plist */; };
		EC41FFE9244E248000A16F8C /* ChatRoomViewController+Extention.swift in Sources */ = {isa = PBXBuildFile; fileRef = EC41FFE8244E248000A16F8C /* ChatRoomViewController+Extention.swift */; };
		EC750ECF244DE27700AB20D9 /* AppDelegate.swift in Sources */ = {isa = PBXBuildFile; fileRef = EC750ECE244DE27700AB20D9 /* AppDelegate.swift */; };
		EC750ED3244DE27700AB20D9 /* ChatRoomViewController.swift in Sources */ = {isa = PBXBuildFile; fileRef = EC750ED2244DE27700AB20D9 /* ChatRoomViewController.swift */; };
		EC750ED8244DE27900AB20D9 /* Assets.xcassets in Resources */ = {isa = PBXBuildFile; fileRef = EC750ED7244DE27900AB20D9 /* Assets.xcassets */; };
		EC750EDB244DE27900AB20D9 /* LaunchScreen.storyboard in Resources */ = {isa = PBXBuildFile; fileRef = EC750ED9244DE27900AB20D9 /* LaunchScreen.storyboard */; };
		EC750EE5244DF07000AB20D9 /* SigInViewController.swift in Sources */ = {isa = PBXBuildFile; fileRef = EC750EE4244DF07000AB20D9 /* SigInViewController.swift */; };
		EC750EE7244DF28000AB20D9 /* View+Extention.swift in Sources */ = {isa = PBXBuildFile; fileRef = EC750EE6244DF28000AB20D9 /* View+Extention.swift */; };
		EC750EEB244DF3B900AB20D9 /* User.swift in Sources */ = {isa = PBXBuildFile; fileRef = EC750EEA244DF3B900AB20D9 /* User.swift */; };
		EC750EF2244DF6AC00AB20D9 /* Extention+Library.swift in Sources */ = {isa = PBXBuildFile; fileRef = EC750EF1244DF6AC00AB20D9 /* Extention+Library.swift */; };
		EC750EF9244DF6F600AB20D9 /* ChatCell.swift in Sources */ = {isa = PBXBuildFile; fileRef = EC750EF8244DF6F600AB20D9 /* ChatCell.swift */; };
		EC750EFB244DF70D00AB20D9 /* Message.swift in Sources */ = {isa = PBXBuildFile; fileRef = EC750EFA244DF70D00AB20D9 /* Message.swift */; };
		EC750EFD244DF9C600AB20D9 /* LoadingView.swift in Sources */ = {isa = PBXBuildFile; fileRef = EC750EFC244DF9C600AB20D9 /* LoadingView.swift */; };
/* End PBXBuildFile section */

/* Begin PBXFileReference section */
		4B322664CFE91BE3E78BC107 /* Pods-kiwari-ios-test.debug.xcconfig */ = {isa = PBXFileReference; includeInIndex = 1; lastKnownFileType = text.xcconfig; name = "Pods-kiwari-ios-test.debug.xcconfig"; path = "Target Support Files/Pods-kiwari-ios-test/Pods-kiwari-ios-test.debug.xcconfig"; sourceTree = "<group>"; };
		DC78D5D58BEEF6B5C983BB45 /* Pods-kiwari-ios-test.release.xcconfig */ = {isa = PBXFileReference; includeInIndex = 1; lastKnownFileType = text.xcconfig; name = "Pods-kiwari-ios-test.release.xcconfig"; path = "Target Support Files/Pods-kiwari-ios-test/Pods-kiwari-ios-test.release.xcconfig"; sourceTree = "<group>"; };
		EC41FFE5244E1C6C00A16F8C /* GoogleService-Info.plist */ = {isa = PBXFileReference; fileEncoding = 4; lastKnownFileType = text.plist.xml; path = "GoogleService-Info.plist"; sourceTree = "<group>"; };
		EC41FFE8244E248000A16F8C /* ChatRoomViewController+Extention.swift */ = {isa = PBXFileReference; lastKnownFileType = sourcecode.swift; path = "ChatRoomViewController+Extention.swift"; sourceTree = "<group>"; };
		EC750ECB244DE27700AB20D9 /* kiwari-ios-test.app */ = {isa = PBXFileReference; explicitFileType = wrapper.application; includeInIndex = 0; path = "kiwari-ios-test.app"; sourceTree = BUILT_PRODUCTS_DIR; };
		EC750ECE244DE27700AB20D9 /* AppDelegate.swift */ = {isa = PBXFileReference; lastKnownFileType = sourcecode.swift; path = AppDelegate.swift; sourceTree = "<group>"; };
		EC750ED2244DE27700AB20D9 /* ChatRoomViewController.swift */ = {isa = PBXFileReference; lastKnownFileType = sourcecode.swift; path = ChatRoomViewController.swift; sourceTree = "<group>"; };
		EC750ED7244DE27900AB20D9 /* Assets.xcassets */ = {isa = PBXFileReference; lastKnownFileType = folder.assetcatalog; path = Assets.xcassets; sourceTree = "<group>"; };
		EC750EDA244DE27900AB20D9 /* Base */ = {isa = PBXFileReference; lastKnownFileType = file.storyboard; name = Base; path = Base.lproj/LaunchScreen.storyboard; sourceTree = "<group>"; };
		EC750EDC244DE27900AB20D9 /* Info.plist */ = {isa = PBXFileReference; lastKnownFileType = text.plist.xml; path = Info.plist; sourceTree = "<group>"; };
		EC750EE4244DF07000AB20D9 /* SigInViewController.swift */ = {isa = PBXFileReference; lastKnownFileType = sourcecode.swift; path = SigInViewController.swift; sourceTree = "<group>"; };
		EC750EE6244DF28000AB20D9 /* View+Extention.swift */ = {isa = PBXFileReference; lastKnownFileType = sourcecode.swift; path = "View+Extention.swift"; sourceTree = "<group>"; };
		EC750EEA244DF3B900AB20D9 /* User.swift */ = {isa = PBXFileReference; lastKnownFileType = sourcecode.swift; path = User.swift; sourceTree = "<group>"; };
		EC750EF1244DF6AC00AB20D9 /* Extention+Library.swift */ = {isa = PBXFileReference; fileEncoding = 4; lastKnownFileType = sourcecode.swift; path = "Extention+Library.swift"; sourceTree = "<group>"; };
		EC750EF8244DF6F600AB20D9 /* ChatCell.swift */ = {isa = PBXFileReference; fileEncoding = 4; lastKnownFileType = sourcecode.swift; path = ChatCell.swift; sourceTree = "<group>"; };
		EC750EFA244DF70D00AB20D9 /* Message.swift */ = {isa = PBXFileReference; fileEncoding = 4; lastKnownFileType = sourcecode.swift; path = Message.swift; sourceTree = "<group>"; };
		EC750EFC244DF9C600AB20D9 /* LoadingView.swift */ = {isa = PBXFileReference; lastKnownFileType = sourcecode.swift; path = LoadingView.swift; sourceTree = "<group>"; };
		FF03EFCB68BB852344C15B6E /* Pods_kiwari_ios_test.framework */ = {isa = PBXFileReference; explicitFileType = wrapper.framework; includeInIndex = 0; path = Pods_kiwari_ios_test.framework; sourceTree = BUILT_PRODUCTS_DIR; };
/* End PBXFileReference section */

/* Begin PBXFrameworksBuildPhase section */
		EC750EC8244DE27700AB20D9 /* Frameworks */ = {
			isa = PBXFrameworksBuildPhase;
			buildActionMask = 2147483647;
			files = (
				E0624FA74D1EA1752C1419DC /* Pods_kiwari_ios_test.framework in Frameworks */,
			);
			runOnlyForDeploymentPostprocessing = 0;
		};
/* End PBXFrameworksBuildPhase section */

/* Begin PBXGroup section */
		7002F781570EC05B05F5CE82 /* Frameworks */ = {
			isa = PBXGroup;
			children = (
				FF03EFCB68BB852344C15B6E /* Pods_kiwari_ios_test.framework */,
			);
			name = Frameworks;
			sourceTree = "<group>";
		};
		B0C09E56E6023D6A43C6DEA9 /* Pods */ = {
			isa = PBXGroup;
			children = (
				4B322664CFE91BE3E78BC107 /* Pods-kiwari-ios-test.debug.xcconfig */,
				DC78D5D58BEEF6B5C983BB45 /* Pods-kiwari-ios-test.release.xcconfig */,
			);
			path = Pods;
			sourceTree = "<group>";
		};
		EC41FFE7244E244700A16F8C /* Extention */ = {
			isa = PBXGroup;
			children = (
				EC41FFE8244E248000A16F8C /* ChatRoomViewController+Extention.swift */,
			);
			path = Extention;
			sourceTree = "<group>";
		};
		EC750EC2244DE27700AB20D9 = {
			isa = PBXGroup;
			children = (
				EC750ECD244DE27700AB20D9 /* kiwari-ios-test */,
				EC750ECC244DE27700AB20D9 /* Products */,
				B0C09E56E6023D6A43C6DEA9 /* Pods */,
				7002F781570EC05B05F5CE82 /* Frameworks */,
			);
			sourceTree = "<group>";
		};
		EC750ECC244DE27700AB20D9 /* Products */ = {
			isa = PBXGroup;
			children = (
				EC750ECB244DE27700AB20D9 /* kiwari-ios-test.app */,
			);
			name = Products;
			sourceTree = "<group>";
		};
		EC750ECD244DE27700AB20D9 /* kiwari-ios-test */ = {
			isa = PBXGroup;
			children = (
				EC750EF3244DF6B900AB20D9 /* Chats */,
				EC750EEE244DF67D00AB20D9 /* Helpers */,
				EC750ECE244DE27700AB20D9 /* AppDelegate.swift */,
				EC750ED7244DE27900AB20D9 /* Assets.xcassets */,
				EC750ED9244DE27900AB20D9 /* LaunchScreen.storyboard */,
				EC750EDC244DE27900AB20D9 /* Info.plist */,
				EC41FFE5244E1C6C00A16F8C /* GoogleService-Info.plist */,
			);
			path = "kiwari-ios-test";
			sourceTree = "<group>";
		};
		EC750EEE244DF67D00AB20D9 /* Helpers */ = {
			isa = PBXGroup;
			children = (
				EC750EEF244DF68500AB20D9 /* Extention */,
			);
			path = Helpers;
			sourceTree = "<group>";
		};
		EC750EEF244DF68500AB20D9 /* Extention */ = {
			isa = PBXGroup;
			children = (
				EC750EE6244DF28000AB20D9 /* View+Extention.swift */,
				EC750EF1244DF6AC00AB20D9 /* Extention+Library.swift */,
				EC750EFC244DF9C600AB20D9 /* LoadingView.swift */,
			);
			path = Extention;
			sourceTree = "<group>";
		};
		EC750EF3244DF6B900AB20D9 /* Chats */ = {
			isa = PBXGroup;
			children = (
				EC750EF7244DF6EC00AB20D9 /* Model */,
				EC750EF6244DF6E700AB20D9 /* View */,
				EC750EF4244DF6D500AB20D9 /* Controller */,
			);
			path = Chats;
			sourceTree = "<group>";
		};
		EC750EF4244DF6D500AB20D9 /* Controller */ = {
			isa = PBXGroup;
			children = (
				EC750ED2244DE27700AB20D9 /* ChatRoomViewController.swift */,
				EC750EE4244DF07000AB20D9 /* SigInViewController.swift */,
				EC41FFE7244E244700A16F8C /* Extention */,
			);
			path = Controller;
			sourceTree = "<group>";
		};
		EC750EF6244DF6E700AB20D9 /* View */ = {
			isa = PBXGroup;
			children = (
				EC750EF8244DF6F600AB20D9 /* ChatCell.swift */,
			);
			path = View;
			sourceTree = "<group>";
		};
		EC750EF7244DF6EC00AB20D9 /* Model */ = {
			isa = PBXGroup;
			children = (
				EC750EEA244DF3B900AB20D9 /* User.swift */,
				EC750EFA244DF70D00AB20D9 /* Message.swift */,
			);
			path = Model;
			sourceTree = "<group>";
		};
/* End PBXGroup section */

/* Begin PBXNativeTarget section */
		EC750ECA244DE27700AB20D9 /* kiwari-ios-test */ = {
			isa = PBXNativeTarget;
			buildConfigurationList = EC750EDF244DE27900AB20D9 /* Build configuration list for PBXNativeTarget "kiwari-ios-test" */;
			buildPhases = (
				ED46B7B3A9D03E9535C0A2A8 /* [CP] Check Pods Manifest.lock */,
				EC750EC7244DE27700AB20D9 /* Sources */,
				EC750EC8244DE27700AB20D9 /* Frameworks */,
				EC750EC9244DE27700AB20D9 /* Resources */,
				F6103D5B79E7F13F514D9547 /* [CP] Embed Pods Frameworks */,
			);
			buildRules = (
			);
			dependencies = (
			);
			name = "kiwari-ios-test";
			productName = "kiwari-ios-test";
			productReference = EC750ECB244DE27700AB20D9 /* kiwari-ios-test.app */;
			productType = "com.apple.product-type.application";
		};
/* End PBXNativeTarget section */

/* Begin PBXProject section */
		EC750EC3244DE27700AB20D9 /* Project object */ = {
			isa = PBXProject;
			attributes = {
				LastSwiftUpdateCheck = 1140;
				LastUpgradeCheck = 1140;
				ORGANIZATIONNAME = keen;
				TargetAttributes = {
					EC750ECA244DE27700AB20D9 = {
						CreatedOnToolsVersion = 11.4.1;
					};
				};
			};
			buildConfigurationList = EC750EC6244DE27700AB20D9 /* Build configuration list for PBXProject "kiwari-ios-test" */;
			compatibilityVersion = "Xcode 9.3";
			developmentRegion = en;
			hasScannedForEncodings = 0;
			knownRegions = (
				en,
				Base,
			);
			mainGroup = EC750EC2244DE27700AB20D9;
			productRefGroup = EC750ECC244DE27700AB20D9 /* Products */;
			projectDirPath = "";
			projectRoot = "";
			targets = (
				EC750ECA244DE27700AB20D9 /* kiwari-ios-test */,
			);
		};
/* End PBXProject section */

/* Begin PBXResourcesBuildPhase section */
		EC750EC9244DE27700AB20D9 /* Resources */ = {
			isa = PBXResourcesBuildPhase;
			buildActionMask = 2147483647;
			files = (
				EC750EDB244DE27900AB20D9 /* LaunchScreen.storyboard in Resources */,
				EC750ED8244DE27900AB20D9 /* Assets.xcassets in Resources */,
				EC41FFE6244E1C6C00A16F8C /* GoogleService-Info.plist in Resources */,
			);
			runOnlyForDeploymentPostprocessing = 0;
		};
/* End PBXResourcesBuildPhase section */

/* Begin PBXShellScriptBuildPhase section */
		ED46B7B3A9D03E9535C0A2A8 /* [CP] Check Pods Manifest.lock */ = {
			isa = PBXShellScriptBuildPhase;
			buildActionMask = 2147483647;
			files = (
			);
			inputFileListPaths = (
			);
			inputPaths = (
				"${PODS_PODFILE_DIR_PATH}/Podfile.lock",
				"${PODS_ROOT}/Manifest.lock",
			);
			name = "[CP] Check Pods Manifest.lock";
			outputFileListPaths = (
			);
			outputPaths = (
				"$(DERIVED_FILE_DIR)/Pods-kiwari-ios-test-checkManifestLockResult.txt",
			);
			runOnlyForDeploymentPostprocessing = 0;
			shellPath = /bin/sh;
			shellScript = "diff \"${PODS_PODFILE_DIR_PATH}/Podfile.lock\" \"${PODS_ROOT}/Manifest.lock\" > /dev/null\nif [ $? != 0 ] ; then\n    # print error to STDERR\n    echo \"error: The sandbox is not in sync with the Podfile.lock. Run 'pod install' or update your CocoaPods installation.\" >&2\n    exit 1\nfi\n# This output is used by Xcode 'outputs' to avoid re-running this script phase.\necho \"SUCCESS\" > \"${SCRIPT_OUTPUT_FILE_0}\"\n";
			showEnvVarsInLog = 0;
		};
		F6103D5B79E7F13F514D9547 /* [CP] Embed Pods Frameworks */ = {
			isa = PBXShellScriptBuildPhase;
			buildActionMask = 2147483647;
			files = (
			);
			inputFileListPaths = (
				"${PODS_ROOT}/Target Support Files/Pods-kiwari-ios-test/Pods-kiwari-ios-test-frameworks-${CONFIGURATION}-input-files.xcfilelist",
			);
			name = "[CP] Embed Pods Frameworks";
			outputFileListPaths = (
				"${PODS_ROOT}/Target Support Files/Pods-kiwari-ios-test/Pods-kiwari-ios-test-frameworks-${CONFIGURATION}-output-files.xcfilelist",
			);
			runOnlyForDeploymentPostprocessing = 0;
			shellPath = /bin/sh;
			shellScript = "\"${PODS_ROOT}/Target Support Files/Pods-kiwari-ios-test/Pods-kiwari-ios-test-frameworks.sh\"\n";
			showEnvVarsInLog = 0;
		};
/* End PBXShellScriptBuildPhase section */

/* Begin PBXSourcesBuildPhase section */
		EC750EC7244DE27700AB20D9 /* Sources */ = {
			isa = PBXSourcesBuildPhase;
			buildActionMask = 2147483647;
			files = (
				EC750ED3244DE27700AB20D9 /* ChatRoomViewController.swift in Sources */,
				EC750ECF244DE27700AB20D9 /* AppDelegate.swift in Sources */,
				EC750EEB244DF3B900AB20D9 /* User.swift in Sources */,
				EC750EFD244DF9C600AB20D9 /* LoadingView.swift in Sources */,
				EC750EFB244DF70D00AB20D9 /* Message.swift in Sources */,
				EC750EF9244DF6F600AB20D9 /* ChatCell.swift in Sources */,
				EC750EE5244DF07000AB20D9 /* SigInViewController.swift in Sources */,
				EC41FFE9244E248000A16F8C /* ChatRoomViewController+Extention.swift in Sources */,
				EC750EE7244DF28000AB20D9 /* View+Extention.swift in Sources */,
				EC750EF2244DF6AC00AB20D9 /* Extention+Library.swift in Sources */,
			);
			runOnlyForDeploymentPostprocessing = 0;
		};
/* End PBXSourcesBuildPhase section */

/* Begin PBXVariantGroup section */
		EC750ED9244DE27900AB20D9 /* LaunchScreen.storyboard */ = {
			isa = PBXVariantGroup;
			children = (
				EC750EDA244DE27900AB20D9 /* Base */,
			);
			name = LaunchScreen.storyboard;
			sourceTree = "<group>";
		};
/* End PBXVariantGroup section */

/* Begin XCBuildConfiguration section */
		EC750EDD244DE27900AB20D9 /* Debug */ = {
			isa = XCBuildConfiguration;
			buildSettings = {
				ALWAYS_SEARCH_USER_PATHS = NO;
				CLANG_ANALYZER_NONNULL = YES;
				CLANG_ANALYZER_NUMBER_OBJECT_CONVERSION = YES_AGGRESSIVE;
				CLANG_CXX_LANGUAGE_STANDARD = "gnu++14";
				CLANG_CXX_LIBRARY = "libc++";
				CLANG_ENABLE_MODULES = YES;
				CLANG_ENABLE_OBJC_ARC = YES;
				CLANG_ENABLE_OBJC_WEAK = YES;
				CLANG_WARN_BLOCK_CAPTURE_AUTORELEASING = YES;
				CLANG_WARN_BOOL_CONVERSION = YES;
				CLANG_WARN_COMMA = YES;
				CLANG_WARN_CONSTANT_CONVERSION = YES;
				CLANG_WARN_DEPRECATED_OBJC_IMPLEMENTATIONS = YES;
				CLANG_WARN_DIRECT_OBJC_ISA_USAGE = YES_ERROR;
				CLANG_WARN_DOCUMENTATION_COMMENTS = YES;
				CLANG_WARN_EMPTY_BODY = YES;
				CLANG_WARN_ENUM_CONVERSION = YES;
				CLANG_WARN_INFINITE_RECURSION = YES;
				CLANG_WARN_INT_CONVERSION = YES;
				CLANG_WARN_NON_LITERAL_NULL_CONVERSION = YES;
				CLANG_WARN_OBJC_IMPLICIT_RETAIN_SELF = YES;
				CLANG_WARN_OBJC_LITERAL_CONVERSION = YES;
				CLANG_WARN_OBJC_ROOT_CLASS = YES_ERROR;
				CLANG_WARN_RANGE_LOOP_ANALYSIS = YES;
				CLANG_WARN_STRICT_PROTOTYPES = YES;
				CLANG_WARN_SUSPICIOUS_MOVE = YES;
				CLANG_WARN_UNGUARDED_AVAILABILITY = YES_AGGRESSIVE;
				CLANG_WARN_UNREACHABLE_CODE = YES;
				CLANG_WARN__DUPLICATE_METHOD_MATCH = YES;
				COPY_PHASE_STRIP = NO;
				DEBUG_INFORMATION_FORMAT = dwarf;
				ENABLE_STRICT_OBJC_MSGSEND = YES;
				ENABLE_TESTABILITY = YES;
				GCC_C_LANGUAGE_STANDARD = gnu11;
				GCC_DYNAMIC_NO_PIC = NO;
				GCC_NO_COMMON_BLOCKS = YES;
				GCC_OPTIMIZATION_LEVEL = 0;
				GCC_PREPROCESSOR_DEFINITIONS = (
					"DEBUG=1",
					"$(inherited)",
				);
				GCC_WARN_64_TO_32_BIT_CONVERSION = YES;
				GCC_WARN_ABOUT_RETURN_TYPE = YES_ERROR;
				GCC_WARN_UNDECLARED_SELECTOR = YES;
				GCC_WARN_UNINITIALIZED_AUTOS = YES_AGGRESSIVE;
				GCC_WARN_UNUSED_FUNCTION = YES;
				GCC_WARN_UNUSED_VARIABLE = YES;
				IPHONEOS_DEPLOYMENT_TARGET = 13.4;
				MTL_ENABLE_DEBUG_INFO = INCLUDE_SOURCE;
				MTL_FAST_MATH = YES;
				ONLY_ACTIVE_ARCH = YES;
				SDKROOT = iphoneos;
				SWIFT_ACTIVE_COMPILATION_CONDITIONS = DEBUG;
				SWIFT_OPTIMIZATION_LEVEL = "-Onone";
			};
			name = Debug;
		};
		EC750EDE244DE27900AB20D9 /* Release */ = {
			isa = XCBuildConfiguration;
			buildSettings = {
				ALWAYS_SEARCH_USER_PATHS = NO;
				CLANG_ANALYZER_NONNULL = YES;
				CLANG_ANALYZER_NUMBER_OBJECT_CONVERSION = YES_AGGRESSIVE;
				CLANG_CXX_LANGUAGE_STANDARD = "gnu++14";
				CLANG_CXX_LIBRARY = "libc++";
				CLANG_ENABLE_MODULES = YES;
				CLANG_ENABLE_OBJC_ARC = YES;
				CLANG_ENABLE_OBJC_WEAK = YES;
				CLANG_WARN_BLOCK_CAPTURE_AUTORELEASING = YES;
				CLANG_WARN_BOOL_CONVERSION = YES;
				CLANG_WARN_COMMA = YES;
				CLANG_WARN_CONSTANT_CONVERSION = YES;
				CLANG_WARN_DEPRECATED_OBJC_IMPLEMENTATIONS = YES;
				CLANG_WARN_DIRECT_OBJC_ISA_USAGE = YES_ERROR;
				CLANG_WARN_DOCUMENTATION_COMMENTS = YES;
				CLANG_WARN_EMPTY_BODY = YES;
				CLANG_WARN_ENUM_CONVERSION = YES;
				CLANG_WARN_INFINITE_RECURSION = YES;
				CLANG_WARN_INT_CONVERSION = YES;
				CLANG_WARN_NON_LITERAL_NULL_CONVERSION = YES;
				CLANG_WARN_OBJC_IMPLICIT_RETAIN_SELF = YES;
				CLANG_WARN_OBJC_LITERAL_CONVERSION = YES;
				CLANG_WARN_OBJC_ROOT_CLASS = YES_ERROR;
				CLANG_WARN_RANGE_LOOP_ANALYSIS = YES;
				CLANG_WARN_STRICT_PROTOTYPES = YES;
				CLANG_WARN_SUSPICIOUS_MOVE = YES;
				CLANG_WARN_UNGUARDED_AVAILABILITY = YES_AGGRESSIVE;
				CLANG_WARN_UNREACHABLE_CODE = YES;
				CLANG_WARN__DUPLICATE_METHOD_MATCH = YES;
				COPY_PHASE_STRIP = NO;
				DEBUG_INFORMATION_FORMAT = "dwarf-with-dsym";
				ENABLE_NS_ASSERTIONS = NO;
				ENABLE_STRICT_OBJC_MSGSEND = YES;
				GCC_C_LANGUAGE_STANDARD = gnu11;
				GCC_NO_COMMON_BLOCKS = YES;
				GCC_WARN_64_TO_32_BIT_CONVERSION = YES;
				GCC_WARN_ABOUT_RETURN_TYPE = YES_ERROR;
				GCC_WARN_UNDECLARED_SELECTOR = YES;
				GCC_WARN_UNINITIALIZED_AUTOS = YES_AGGRESSIVE;
				GCC_WARN_UNUSED_FUNCTION = YES;
				GCC_WARN_UNUSED_VARIABLE = YES;
				IPHONEOS_DEPLOYMENT_TARGET = 13.4;
				MTL_ENABLE_DEBUG_INFO = NO;
				MTL_FAST_MATH = YES;
				SDKROOT = iphoneos;
				SWIFT_COMPILATION_MODE = wholemodule;
				SWIFT_OPTIMIZATION_LEVEL = "-O";
				VALIDATE_PRODUCT = YES;
			};
			name = Release;
		};
		EC750EE0244DE27900AB20D9 /* Debug */ = {
			isa = XCBuildConfiguration;
			baseConfigurationReference = 4B322664CFE91BE3E78BC107 /* Pods-kiwari-ios-test.debug.xcconfig */;
			buildSettings = {
				ASSETCATALOG_COMPILER_APPICON_NAME = AppIcon;
				CODE_SIGN_STYLE = Automatic;
				INFOPLIST_FILE = "kiwari-ios-test/Info.plist";
				LD_RUNPATH_SEARCH_PATHS = (
					"$(inherited)",
					"@executable_path/Frameworks",
				);
				PRODUCT_BUNDLE_IDENTIFIER = "com.keen.kiwari-ios-test";
				PRODUCT_NAME = "$(TARGET_NAME)";
				SWIFT_VERSION = 5.0;
				TARGETED_DEVICE_FAMILY = "1,2";
			};
			name = Debug;
		};
		EC750EE1244DE27900AB20D9 /* Release */ = {
			isa = XCBuildConfiguration;
			baseConfigurationReference = DC78D5D58BEEF6B5C983BB45 /* Pods-kiwari-ios-test.release.xcconfig */;
			buildSettings = {
				ASSETCATALOG_COMPILER_APPICON_NAME = AppIcon;
				CODE_SIGN_STYLE = Automatic;
				INFOPLIST_FILE = "kiwari-ios-test/Info.plist";
				LD_RUNPATH_SEARCH_PATHS = (
					"$(inherited)",
					"@executable_path/Frameworks",
				);
				PRODUCT_BUNDLE_IDENTIFIER = "com.keen.kiwari-ios-test";
				PRODUCT_NAME = "$(TARGET_NAME)";
				SWIFT_VERSION = 5.0;
				TARGETED_DEVICE_FAMILY = "1,2";
			};
			name = Release;
		};
/* End XCBuildConfiguration section */

/* Begin XCConfigurationList section */
		EC750EC6244DE27700AB20D9 /* Build configuration list for PBXProject "kiwari-ios-test" */ = {
			isa = XCConfigurationList;
			buildConfigurations = (
				EC750EDD244DE27900AB20D9 /* Debug */,
				EC750EDE244DE27900AB20D9 /* Release */,
			);
			defaultConfigurationIsVisible = 0;
			defaultConfigurationName = Release;
		};
		EC750EDF244DE27900AB20D9 /* Build configuration list for PBXNativeTarget "kiwari-ios-test" */ = {
			isa = XCConfigurationList;
			buildConfigurations = (
				EC750EE0244DE27900AB20D9 /* Debug */,
				EC750EE1244DE27900AB20D9 /* Release */,
			);
			defaultConfigurationIsVisible = 0;
			defaultConfigurationName = Release;
		};
/* End XCConfigurationList section */
	};
	rootObject = EC750EC3244DE27700AB20D9 /* Project object */;
}
